
Microsoft Visual Studio Solution File, Format Version 12.00
# Visual Studio Version 17
VisualStudioVersion = 17.3.32901.215
MinimumVisualStudioVersion = 10.0.40219.1
Project("{FAE04EC0-301F-11D3-BF4B-00C04F79EFBC}") = "ornek-1", "ornek-1\ornek-1.csproj", "{B6D8FAD2-4E7E-432A-8E05-5BCCD88A283B}"
EndProject
Global
	GlobalSection(SolutionConfigurationPlatforms) = preSolution
		Debug|Any CPU = Debug|Any CPU
		Release|Any CPU = Release|Any CPU
	EndGlobalSection
	GlobalSection(ProjectConfigurationPlatforms) = postSolution
		{B6D8FAD2-4E7E-432A-8E05-5BCCD88A283B}.Debug|Any CPU.ActiveCfg = Debug|Any CPU
		{B6D8FAD2-4E7E-432A-8E05-5BCCD88A283B}.Debug|Any CPU.Build.0 = Debug|Any CPU
		{B6D8FAD2-4E7E-432A-8E05-5BCCD88A283B}.Release|Any CPU.ActiveCfg = Release|Any CPU
		{B6D8FAD2-4E7E-432A-8E05-5BCCD88A283B}.Release|Any CPU.Build.0 = Release|Any CPU
	EndGlobalSection
	GlobalSection(SolutionProperties) = preSolution
		HideSolutionNode = FALSE
	EndGlobalSection
	GlobalSection(ExtensibilityGlobals) = postSolution
		SolutionGuid = {4FF33166-42BB-4180-9266-1175EE84B4A7}
	EndGlobalSection
EndGlobal
